
Microsoft Visual Studio Solution File, Format Version 12.00
# Visual Studio Version 17
VisualStudioVersion = 17.2.32519.379
MinimumVisualStudioVersion = 10.0.40219.1
Project("{FAE04EC0-301F-11D3-BF4B-00C04F79EFBC}") = "CMP1903M Assessment 2", "CMP1903M Assessment 2\CMP1903M Assessment 2.csproj", "{46474EF5-B4E8-4182-9FB6-739D90A79DDA}"
EndProject
Global
	GlobalSection(SolutionConfigurationPlatforms) = preSolution
		Debug|Any CPU = Debug|Any CPU
		Release|Any CPU = Release|Any CPU
	EndGlobalSection
	GlobalSection(ProjectConfigurationPlatforms) = postSolution
		{46474EF5-B4E8-4182-9FB6-739D90A79DDA}.Debug|Any CPU.ActiveCfg = Debug|Any CPU
		{46474EF5-B4E8-4182-9FB6-739D90A79DDA}.Debug|Any CPU.Build.0 = Debug|Any CPU
		{46474EF5-B4E8-4182-9FB6-739D90A79DDA}.Release|Any CPU.ActiveCfg = Release|Any CPU
		{46474EF5-B4E8-4182-9FB6-739D90A79DDA}.Release|Any CPU.Build.0 = Release|Any CPU
	EndGlobalSection
	GlobalSection(SolutionProperties) = preSolution
		HideSolutionNode = FALSE
	EndGlobalSection
	GlobalSection(ExtensibilityGlobals) = postSolution
		SolutionGuid = {A70ABA3A-3D96-4445-992A-F76E10497DBD}
	EndGlobalSection
EndGlobal
